<?xml version="1.0" encoding="utf-8"?>
<Project ToolsVersion="4.0" xmlns="http://schemas.microsoft.com/developer/msbuild/2003">
  <ItemGroup>
    <ClCompile Include="src\main.cpp" />
    <ClCompile Include="src\GameObject\GameObject.cpp">
      <Filter>GameObject</Filter>
    </ClCompile>
    <ClCompile Include="src\Graphics\Camera\Camera.cpp">
      <Filter>Graphics\Camera</Filter>
    </ClCompile>
    <ClCompile Include="src\Graphics\Model\Model.cpp">
      <Filter>Graphics\Model</Filter>
    </ClCompile>
    <ClCompile Include="src\Graphics\RenderManager\RenderManager.cpp">
      <Filter>Graphics\RenderManager</Filter>
    </ClCompile>
    <ClCompile Include="src\OpenGL\GLSLProgram.cpp">
      <Filter>Graphics\OpenGL</Filter>
    </ClCompile>
    <ClCompile Include="src\OpenGL\OGLDebug.cpp">
      <Filter>Graphics\OpenGL</Filter>
    </ClCompile>
    <ClCompile Include="src\imGui\imgui.cpp">
      <Filter>ImGui</Filter>
    </ClCompile>
    <ClCompile Include="src\imGui\imgui_demo.cpp">
      <Filter>ImGui</Filter>
    </ClCompile>
    <ClCompile Include="src\imGui\imgui_draw.cpp">
      <Filter>ImGui</Filter>
    </ClCompile>
    <ClCompile Include="src\imGui\imgui_impl_opengl3.cpp">
      <Filter>ImGui</Filter>
    </ClCompile>
    <ClCompile Include="src\imGui\imgui_impl_sdl.cpp">
      <Filter>ImGui</Filter>
    </ClCompile>
    <ClCompile Include="src\imGui\imgui_widgets.cpp">
      <Filter>ImGui</Filter>
    </ClCompile>
    <ClCompile Include="src\Input\Input.cpp">
      <Filter>Input</Filter>
    </ClCompile>
    <ClCompile Include="src\Levels\Level1.cpp">
      <Filter>Levels</Filter>
    </ClCompile>
    <ClCompile Include="src\Graphics\RenderManager\Shadows.cpp">
      <Filter>Graphics\RenderManager\Shadows</Filter>
    </ClCompile>
    <ClCompile Include="src\Graphics\RenderManager\Serializer.cpp">
      <Filter>Graphics\RenderManager\Loader</Filter>
    </ClCompile>
    <ClCompile Include="src\Graphics\RenderManager\Bloom.cpp">
      <Filter>Graphics\RenderManager\Bloom</Filter>
    </ClCompile>
    <ClCompile Include="src\Graphics\RenderManager\Decals.cpp">
      <Filter>Graphics\RenderManager\Decals</Filter>
    </ClCompile>
    <ClCompile Include="src\Graphics\RenderManager\HBAO.cpp">
      <Filter>Graphics\RenderManager\HBAO</Filter>
    </ClCompile>
    <ClCompile Include="src\Graphics\RenderManager\Atmospheric.cpp">
      <Filter>Graphics\RenderManager\Atmospheric</Filter>
    </ClCompile>
  </ItemGroup>
  <ItemGroup>
    <ClInclude Include="src\MyMath.h" />
    <ClInclude Include="src\GameObject\GameObject.h">
      <Filter>GameObject</Filter>
    </ClInclude>
    <ClInclude Include="src\Graphics\Camera\Camera.h">
      <Filter>Graphics\Camera</Filter>
    </ClInclude>
    <ClInclude Include="src\Graphics\Model\Model.h">
      <Filter>Graphics\Model</Filter>
    </ClInclude>
    <ClInclude Include="src\Graphics\RenderManager\RenderManager.h">
      <Filter>Graphics\RenderManager</Filter>
    </ClInclude>
    <ClInclude Include="src\OpenGL\GLSLProgram.h">
      <Filter>Graphics\OpenGL</Filter>
    </ClInclude>
    <ClInclude Include="src\OpenGL\OGLDebug.h">
      <Filter>Graphics\OpenGL</Filter>
    </ClInclude>
    <ClInclude Include="src\imGui\imconfig.h">
      <Filter>ImGui</Filter>
    </ClInclude>
    <ClInclude Include="src\imGui\imgui.h">
      <Filter>ImGui</Filter>
    </ClInclude>
    <ClInclude Include="src\imGui\imgui_impl_opengl3.h">
      <Filter>ImGui</Filter>
    </ClInclude>
    <ClInclude Include="src\imGui\imgui_impl_sdl.h">
      <Filter>ImGui</Filter>
    </ClInclude>
    <ClInclude Include="src\imGui\imgui_internal.h">
      <Filter>ImGui</Filter>
    </ClInclude>
    <ClInclude Include="src\imGui\imstb_rectpack.h">
      <Filter>ImGui</Filter>
    </ClInclude>
    <ClInclude Include="src\imGui\imstb_textedit.h">
      <Filter>ImGui</Filter>
    </ClInclude>
    <ClInclude Include="src\imGui\imstb_truetype.h">
      <Filter>ImGui</Filter>
    </ClInclude>
    <ClInclude Include="src\Input\Input.h">
      <Filter>Input</Filter>
    </ClInclude>
    <ClInclude Include="src\Levels\Level1.h">
      <Filter>Levels</Filter>
    </ClInclude>
    <ClInclude Include="src\Serializer\json.hpp">
      <Filter>Serializer</Filter>
    </ClInclude>
    <ClInclude Include="src\Serializer\stb_image.h">
      <Filter>Serializer</Filter>
    </ClInclude>
    <ClInclude Include="src\Serializer\stb_image_write.h">
      <Filter>Serializer</Filter>
    </ClInclude>
    <ClInclude Include="src\Serializer\tiny_gltf.h">
      <Filter>Serializer</Filter>
    </ClInclude>
  </ItemGroup>
  <ItemGroup>
    <Filter Include="GameObject">
      <UniqueIdentifier>{1f4f0e11-8dc3-4bef-bab5-ae3095b8099f}</UniqueIdentifier>
    </Filter>
    <Filter Include="Graphics">
      <UniqueIdentifier>{af4ccbfa-344f-48d3-bb03-4355f68386aa}</UniqueIdentifier>
    </Filter>
    <Filter Include="ImGui">
      <UniqueIdentifier>{dd80b15e-c853-47d6-97e0-3099e1a85621}</UniqueIdentifier>
    </Filter>
    <Filter Include="Input">
      <UniqueIdentifier>{0f492397-7d1f-4de7-a878-99cacb8d4b23}</UniqueIdentifier>
    </Filter>
    <Filter Include="Levels">
      <UniqueIdentifier>{6ca423c7-55fe-4cd3-8088-61cc3d0fc202}</UniqueIdentifier>
    </Filter>
    <Filter Include="Serializer">
      <UniqueIdentifier>{dcf5ad36-da49-42ef-b262-a9d7b2028668}</UniqueIdentifier>
    </Filter>
    <Filter Include="Graphics\Camera">
      <UniqueIdentifier>{0222b6af-1aea-4bd2-9e6b-3cb4821c25bc}</UniqueIdentifier>
    </Filter>
    <Filter Include="Graphics\Model">
      <UniqueIdentifier>{ddab9ec8-51c1-4324-af2b-f7ea596d8d8a}</UniqueIdentifier>
    </Filter>
    <Filter Include="Graphics\OpenGL">
      <UniqueIdentifier>{25858dab-e376-449d-9195-b29127df57c3}</UniqueIdentifier>
    </Filter>
    <Filter Include="Graphics\RenderManager">
      <UniqueIdentifier>{51071b68-c30b-4c18-808e-a966cdc30761}</UniqueIdentifier>
    </Filter>
    <Filter Include="Graphics\Shaders">
      <UniqueIdentifier>{13b9942e-fc29-4e51-8204-a14c58b2dbd9}</UniqueIdentifier>
    </Filter>
    <Filter Include="Graphics\RenderManager\Bloom">
      <UniqueIdentifier>{160ca049-4090-4f87-8e33-5a203f5e6931}</UniqueIdentifier>
    </Filter>
    <Filter Include="Graphics\RenderManager\Shadows">
      <UniqueIdentifier>{e88bead0-e602-4380-ab01-5d20fec1f587}</UniqueIdentifier>
    </Filter>
    <Filter Include="Graphics\RenderManager\Loader">
      <UniqueIdentifier>{91bad572-d9ea-4201-8dc8-1aaab6f120d8}</UniqueIdentifier>
    </Filter>
    <Filter Include="Graphics\RenderManager\Decals">
      <UniqueIdentifier>{275911d7-4e55-42d0-b868-20010c6363da}</UniqueIdentifier>
    </Filter>
    <Filter Include="Graphics\RenderManager\HBAO">
      <UniqueIdentifier>{67d15177-c76c-4160-8cab-e39fe30673cc}</UniqueIdentifier>
    </Filter>
    <Filter Include="Graphics\RenderManager\Atmospheric">
      <UniqueIdentifier>{fb01b588-7903-466a-81a5-9061de38f683}</UniqueIdentifier>
    </Filter>
  </ItemGroup>
  <ItemGroup>
    <None Include="data\shaders\AmbientShader.fs">
      <Filter>Graphics\Shaders</Filter>
    </None>
    <None Include="data\shaders\AmbientShader.vs">
      <Filter>Graphics\Shaders</Filter>
    </None>
    <None Include="data\shaders\BloomScene.fs">
      <Filter>Graphics\Shaders</Filter>
    </None>
    <None Include="data\shaders\Blur.fs">
      <Filter>Graphics\Shaders</Filter>
    </None>
    <None Include="data\shaders\Brightness.fs">
      <Filter>Graphics\Shaders</Filter>
    </None>
    <None Include="data\shaders\deferred_point_shading.fs">
      <Filter>Graphics\Shaders</Filter>
    </None>
    <None Include="data\shaders\deferred_point_shading.vs">
      <Filter>Graphics\Shaders</Filter>
    </None>
    <None Include="data\shaders\gBuffer.fs">
      <Filter>Graphics\Shaders</Filter>
    </None>
    <None Include="data\shaders\gBuffer.vs">
      <Filter>Graphics\Shaders</Filter>
    </None>
    <None Include="data\shaders\lights_shader.fs">
      <Filter>Graphics\Shaders</Filter>
    </None>
    <None Include="data\shaders\Vertex.vs">
      <Filter>Graphics\Shaders</Filter>
    </None>
    <None Include="data\shaders\deferred_directional_shading.fs">
      <Filter>Graphics\Shaders</Filter>
    </None>
    <None Include="data\shaders\deferred_directional_shading.vs">
      <Filter>Graphics\Shaders</Filter>
    </None>
    <None Include="data\shaders\ShadowMap.vs">
      <Filter>Graphics\Shaders</Filter>
    </None>
    <None Include="data\shaders\ShadowMap.fs">
      <Filter>Graphics\Shaders</Filter>
    </None>
    <None Include="data\shaders\shadowRenderFrag.fs">
      <Filter>Graphics\Shaders</Filter>
    </None>
    <None Include="data\shaders\shadowRenderVtx.vs">
      <Filter>Graphics\Shaders</Filter>
    </None>
    <None Include="data\shaders\DecalsShader.vs">
      <Filter>Graphics\Shaders</Filter>
    </None>
    <None Include="data\shaders\DecalsShader.fs">
      <Filter>Graphics\Shaders</Filter>
    </None>
    <None Include="data\shaders\AmbientOcclusion.fs">
      <Filter>Graphics\Shaders</Filter>
    </None>
    <None Include="data\shaders\BilateralGBlur.fs">
      <Filter>Graphics\Shaders</Filter>
    </None>
    <None Include="data\shaders\DLookUpTable.fs">
      <Filter>Graphics\Shaders</Filter>
    </None>
    <None Include="data\shaders\SunRender.vs">
      <Filter>Graphics\Shaders</Filter>
    </None>
    <None Include="data\shaders\SunRender.fs">
      <Filter>Graphics\Shaders</Filter>
    </None>
    <None Include="data\shaders\InscatterTable.fs">
      <Filter>Graphics\Shaders</Filter>
    </None>
    <None Include="data\shaders\InscatterTable.vs">
      <Filter>Graphics\Shaders</Filter>
    </None>
    <None Include="data\shaders\InscatterTable.gs">
      <Filter>Graphics\Shaders</Filter>
    </None>
  </ItemGroup>
</Project>